
Microsoft Visual Studio Solution File, Format Version 12.00
# Visual Studio Version 16
VisualStudioVersion = 16.0.30406.217
MinimumVisualStudioVersion = 10.0.40219.1
Project("{FAE04EC0-301F-11D3-BF4B-00C04F79EFBC}") = "ProjectLiteCompatible", "ProjectLiteCompatible.csproj", "{DC551086-4B4A-4DA8-BCFC-AC062A416218}"
EndProject
Global
	GlobalSection(SolutionConfigurationPlatforms) = preSolution
		Debug|Any CPU = Debug|Any CPU
		Debug|x86 = Debug|x86
		Release|Any CPU = Release|Any CPU
		Release|x86 = Release|x86
	EndGlobalSection
	GlobalSection(ProjectConfigurationPlatforms) = postSolution
		{DC551086-4B4A-4DA8-BCFC-AC062A416218}.Debug|Any CPU.ActiveCfg = Debug|Any CPU
		{DC551086-4B4A-4DA8-BCFC-AC062A416218}.Debug|Any CPU.Build.0 = Debug|Any CPU
		{DC551086-4B4A-4DA8-BCFC-AC062A416218}.Debug|x86.ActiveCfg = Debug|x86
		{DC551086-4B4A-4DA8-BCFC-AC062A416218}.Debug|x86.Build.0 = Debug|x86
		{DC551086-4B4A-4DA8-BCFC-AC062A416218}.Release|Any CPU.ActiveCfg = Release|Any CPU
		{DC551086-4B4A-4DA8-BCFC-AC062A416218}.Release|Any CPU.Build.0 = Release|Any CPU
		{DC551086-4B4A-4DA8-BCFC-AC062A416218}.Release|x86.ActiveCfg = Release|x86
		{DC551086-4B4A-4DA8-BCFC-AC062A416218}.Release|x86.Build.0 = Release|x86
	EndGlobalSection
	GlobalSection(SolutionProperties) = preSolution
		HideSolutionNode = FALSE
	EndGlobalSection
	GlobalSection(ExtensibilityGlobals) = postSolution
		SolutionGuid = {2EFC3567-4A2F-49E0-A177-9FE88BC16537}
	EndGlobalSection
EndGlobal
